
Microsoft Visual Studio Solution File, Format Version 12.00
# Visual Studio Version 17
VisualStudioVersion = 17.3.32922.545
MinimumVisualStudioVersion = 10.0.40219.1
Project("{2150E333-8FDC-42A3-9474-1A3956D46DE8}") = "Post.Cmd", "Post.Cmd", "{082AA914-2D70-4846-936D-248DE88E4F17}"
EndProject
Project("{2150E333-8FDC-42A3-9474-1A3956D46DE8}") = "Post.Query", "Post.Query", "{FEC7E7C0-4337-44B4-9532-F605B9E40502}"
EndProject
Project("{FAE04EC0-301F-11D3-BF4B-00C04F79EFBC}") = "CQRS.Core", "..\CQRS-ES\CQRS.Core\CQRS.Core.csproj", "{DE84CA69-CBA3-4474-A605-4855D91ABC3E}"
EndProject
Project("{FAE04EC0-301F-11D3-BF4B-00C04F79EFBC}") = "Post.Cmd.Api", "Post.Cmd.Api\Post.Cmd.Api.csproj", "{03B6BD89-6E3F-484E-B86B-8A01240AAA30}"
EndProject
Project("{FAE04EC0-301F-11D3-BF4B-00C04F79EFBC}") = "Post.Query.Api", "Post.Query.Api\Post.Query.Api.csproj", "{E711B0B2-3A92-4042-B905-7D3A8C1BCD00}"
EndProject
Project("{FAE04EC0-301F-11D3-BF4B-00C04F79EFBC}") = "Post.Query.Infrastructure", "Post.Query.Infrastructure\Post.Query.Infrastructure.csproj", "{68185EFF-ED03-42CF-BD02-00F5D9A1EA4A}"
EndProject
Project("{FAE04EC0-301F-11D3-BF4B-00C04F79EFBC}") = "Post.Cmd.Domain", "Post.Cmd.Domain\Post.Cmd.Domain.csproj", "{70714B58-6B19-4C75-B8BB-C5B1AFD9E8BE}"
EndProject
Project("{FAE04EC0-301F-11D3-BF4B-00C04F79EFBC}") = "Post.Cmd.Infrastructure", "Post.Cmd.Infrastructure\Post.Cmd.Infrastructure.csproj", "{A61EB1C8-2F8A-4FAF-8E53-64D1656347BA}"
EndProject
Project("{FAE04EC0-301F-11D3-BF4B-00C04F79EFBC}") = "Post.Query.Domain", "Post.Query.Domain\Post.Query.Domain.csproj", "{E1A1CFA9-5A8D-4C3C-8909-AFCEFDC74114}"
EndProject
Global
	GlobalSection(SolutionConfigurationPlatforms) = preSolution
		Debug|Any CPU = Debug|Any CPU
		Release|Any CPU = Release|Any CPU
	EndGlobalSection
	GlobalSection(ProjectConfigurationPlatforms) = postSolution
		{DE84CA69-CBA3-4474-A605-4855D91ABC3E}.Debug|Any CPU.ActiveCfg = Debug|Any CPU
		{DE84CA69-CBA3-4474-A605-4855D91ABC3E}.Debug|Any CPU.Build.0 = Debug|Any CPU
		{DE84CA69-CBA3-4474-A605-4855D91ABC3E}.Release|Any CPU.ActiveCfg = Release|Any CPU
		{DE84CA69-CBA3-4474-A605-4855D91ABC3E}.Release|Any CPU.Build.0 = Release|Any CPU
		{03B6BD89-6E3F-484E-B86B-8A01240AAA30}.Debug|Any CPU.ActiveCfg = Debug|Any CPU
		{03B6BD89-6E3F-484E-B86B-8A01240AAA30}.Debug|Any CPU.Build.0 = Debug|Any CPU
		{03B6BD89-6E3F-484E-B86B-8A01240AAA30}.Release|Any CPU.ActiveCfg = Release|Any CPU
		{03B6BD89-6E3F-484E-B86B-8A01240AAA30}.Release|Any CPU.Build.0 = Release|Any CPU
		{E711B0B2-3A92-4042-B905-7D3A8C1BCD00}.Debug|Any CPU.ActiveCfg = Debug|Any CPU
		{E711B0B2-3A92-4042-B905-7D3A8C1BCD00}.Debug|Any CPU.Build.0 = Debug|Any CPU
		{E711B0B2-3A92-4042-B905-7D3A8C1BCD00}.Release|Any CPU.ActiveCfg = Release|Any CPU
		{E711B0B2-3A92-4042-B905-7D3A8C1BCD00}.Release|Any CPU.Build.0 = Release|Any CPU
		{68185EFF-ED03-42CF-BD02-00F5D9A1EA4A}.Debug|Any CPU.ActiveCfg = Debug|Any CPU
		{68185EFF-ED03-42CF-BD02-00F5D9A1EA4A}.Debug|Any CPU.Build.0 = Debug|Any CPU
		{68185EFF-ED03-42CF-BD02-00F5D9A1EA4A}.Release|Any CPU.ActiveCfg = Release|Any CPU
		{68185EFF-ED03-42CF-BD02-00F5D9A1EA4A}.Release|Any CPU.Build.0 = Release|Any CPU
		{70714B58-6B19-4C75-B8BB-C5B1AFD9E8BE}.Debug|Any CPU.ActiveCfg = Debug|Any CPU
		{70714B58-6B19-4C75-B8BB-C5B1AFD9E8BE}.Debug|Any CPU.Build.0 = Debug|Any CPU
		{70714B58-6B19-4C75-B8BB-C5B1AFD9E8BE}.Release|Any CPU.ActiveCfg = Release|Any CPU
		{70714B58-6B19-4C75-B8BB-C5B1AFD9E8BE}.Release|Any CPU.Build.0 = Release|Any CPU
		{A61EB1C8-2F8A-4FAF-8E53-64D1656347BA}.Debug|Any CPU.ActiveCfg = Debug|Any CPU
		{A61EB1C8-2F8A-4FAF-8E53-64D1656347BA}.Debug|Any CPU.Build.0 = Debug|Any CPU
		{A61EB1C8-2F8A-4FAF-8E53-64D1656347BA}.Release|Any CPU.ActiveCfg = Release|Any CPU
		{A61EB1C8-2F8A-4FAF-8E53-64D1656347BA}.Release|Any CPU.Build.0 = Release|Any CPU
		{E1A1CFA9-5A8D-4C3C-8909-AFCEFDC74114}.Debug|Any CPU.ActiveCfg = Debug|Any CPU
		{E1A1CFA9-5A8D-4C3C-8909-AFCEFDC74114}.Debug|Any CPU.Build.0 = Debug|Any CPU
		{E1A1CFA9-5A8D-4C3C-8909-AFCEFDC74114}.Release|Any CPU.ActiveCfg = Release|Any CPU
		{E1A1CFA9-5A8D-4C3C-8909-AFCEFDC74114}.Release|Any CPU.Build.0 = Release|Any CPU
	EndGlobalSection
	GlobalSection(SolutionProperties) = preSolution
		HideSolutionNode = FALSE
	EndGlobalSection
	GlobalSection(NestedProjects) = preSolution
		{03B6BD89-6E3F-484E-B86B-8A01240AAA30} = {082AA914-2D70-4846-936D-248DE88E4F17}
		{E711B0B2-3A92-4042-B905-7D3A8C1BCD00} = {FEC7E7C0-4337-44B4-9532-F605B9E40502}
		{68185EFF-ED03-42CF-BD02-00F5D9A1EA4A} = {FEC7E7C0-4337-44B4-9532-F605B9E40502}
		{70714B58-6B19-4C75-B8BB-C5B1AFD9E8BE} = {082AA914-2D70-4846-936D-248DE88E4F17}
		{A61EB1C8-2F8A-4FAF-8E53-64D1656347BA} = {082AA914-2D70-4846-936D-248DE88E4F17}
		{E1A1CFA9-5A8D-4C3C-8909-AFCEFDC74114} = {FEC7E7C0-4337-44B4-9532-F605B9E40502}
	EndGlobalSection
	GlobalSection(ExtensibilityGlobals) = postSolution
		SolutionGuid = {9C28B698-501A-403A-A80D-5B686E2E16F8}
	EndGlobalSection
EndGlobal
